
Microsoft Visual Studio Solution File, Format Version 12.00
# Visual Studio 15
VisualStudioVersion = 15.0.28307.2092
MinimumVisualStudioVersion = 10.0.40219.1
Project("{8BC9CEB8-8B4A-11D0-8D11-00A0C91BC942}") = "Lab 3.19", "Lab 3.19\Lab 3.19.vcxproj", "{04AF40E9-1D09-4433-A2ED-252081CD6229}"
EndProject
Global
	GlobalSection(SolutionConfigurationPlatforms) = preSolution
		Debug|x64 = Debug|x64
		Debug|x86 = Debug|x86
		Release|x64 = Release|x64
		Release|x86 = Release|x86
	EndGlobalSection
	GlobalSection(ProjectConfigurationPlatforms) = postSolution
		{04AF40E9-1D09-4433-A2ED-252081CD6229}.Debug|x64.ActiveCfg = Debug|x64
		{04AF40E9-1D09-4433-A2ED-252081CD6229}.Debug|x64.Build.0 = Debug|x64
		{04AF40E9-1D09-4433-A2ED-252081CD6229}.Debug|x86.ActiveCfg = Debug|Win32
		{04AF40E9-1D09-4433-A2ED-252081CD6229}.Debug|x86.Build.0 = Debug|Win32
		{04AF40E9-1D09-4433-A2ED-252081CD6229}.Release|x64.ActiveCfg = Release|x64
		{04AF40E9-1D09-4433-A2ED-252081CD6229}.Release|x64.Build.0 = Release|x64
		{04AF40E9-1D09-4433-A2ED-252081CD6229}.Release|x86.ActiveCfg = Release|Win32
		{04AF40E9-1D09-4433-A2ED-252081CD6229}.Release|x86.Build.0 = Release|Win32
	EndGlobalSection
	GlobalSection(SolutionProperties) = preSolution
		HideSolutionNode = FALSE
	EndGlobalSection
	GlobalSection(ExtensibilityGlobals) = postSolution
		SolutionGuid = {A91B2F0D-73A7-410E-B342-5DBE069B6803}
	EndGlobalSection
EndGlobal
