
Microsoft Visual Studio Solution File, Format Version 12.00
# Visual Studio 15
VisualStudioVersion = 15.0.28307.2092
MinimumVisualStudioVersion = 10.0.40219.1
Project("{8BC9CEB8-8B4A-11D0-8D11-00A0C91BC942}") = "Lab P21", "Lab P21\Lab P21.vcxproj", "{8828B658-5683-4A92-862B-28F026C073CA}"
EndProject
Global
	GlobalSection(SolutionConfigurationPlatforms) = preSolution
		Debug|x64 = Debug|x64
		Debug|x86 = Debug|x86
		Release|x64 = Release|x64
		Release|x86 = Release|x86
	EndGlobalSection
	GlobalSection(ProjectConfigurationPlatforms) = postSolution
		{8828B658-5683-4A92-862B-28F026C073CA}.Debug|x64.ActiveCfg = Debug|x64
		{8828B658-5683-4A92-862B-28F026C073CA}.Debug|x64.Build.0 = Debug|x64
		{8828B658-5683-4A92-862B-28F026C073CA}.Debug|x86.ActiveCfg = Debug|Win32
		{8828B658-5683-4A92-862B-28F026C073CA}.Debug|x86.Build.0 = Debug|Win32
		{8828B658-5683-4A92-862B-28F026C073CA}.Release|x64.ActiveCfg = Release|x64
		{8828B658-5683-4A92-862B-28F026C073CA}.Release|x64.Build.0 = Release|x64
		{8828B658-5683-4A92-862B-28F026C073CA}.Release|x86.ActiveCfg = Release|Win32
		{8828B658-5683-4A92-862B-28F026C073CA}.Release|x86.Build.0 = Release|Win32
	EndGlobalSection
	GlobalSection(SolutionProperties) = preSolution
		HideSolutionNode = FALSE
	EndGlobalSection
	GlobalSection(ExtensibilityGlobals) = postSolution
		SolutionGuid = {3160E0D8-0297-4C16-A6B4-B8BCD73C86E9}
	EndGlobalSection
EndGlobal
